
Microsoft Visual Studio Solution File, Format Version 12.00
# Visual Studio Version 17
VisualStudioVersion = 17.12.35707.178 d17.12
MinimumVisualStudioVersion = 10.0.40219.1
Project("{FAE04EC0-301F-11D3-BF4B-00C04F79EFBC}") = "WindowsFormsApp1", "WindowsFormsApp1\WindowsFormsApp1.csproj", "{76891DEA-48A0-4ED5-81DE-96AD4CAFE3ED}"
EndProject
Global
	GlobalSection(SolutionConfigurationPlatforms) = preSolution
		Debug|Any CPU = Debug|Any CPU
		Release|Any CPU = Release|Any CPU
	EndGlobalSection
	GlobalSection(ProjectConfigurationPlatforms) = postSolution
		{76891DEA-48A0-4ED5-81DE-96AD4CAFE3ED}.Debug|Any CPU.ActiveCfg = Debug|Any CPU
		{76891DEA-48A0-4ED5-81DE-96AD4CAFE3ED}.Debug|Any CPU.Build.0 = Debug|Any CPU
		{76891DEA-48A0-4ED5-81DE-96AD4CAFE3ED}.Release|Any CPU.ActiveCfg = Release|Any CPU
		{76891DEA-48A0-4ED5-81DE-96AD4CAFE3ED}.Release|Any CPU.Build.0 = Release|Any CPU
	EndGlobalSection
	GlobalSection(SolutionProperties) = preSolution
		HideSolutionNode = FALSE
	EndGlobalSection
EndGlobal
